{
  "version": "4",
  "specifiers": {
    "jsr:@hono/hono@^4.6.19": "4.6.19",
    "npm:@types/mime-types@^2.1.4": "2.1.4",
    "npm:@types/node@*": "22.5.4",
    "npm:mime-types@*": "2.1.35",
    "npm:mime-types@^2.1.35": "2.1.35"
  },
  "jsr": {
    "@hono/hono@4.6.19": {
      "integrity": "5ba1bd0ef74449c0a647f029e29896776c30fb64aefbcef8724af4ce4846791b"
    }
  },
  "npm": {
    "@types/mime-types@2.1.4": {
      "integrity": "sha512-lfU4b34HOri+kAY5UheuFMWPDOI+OPceBSHZKp69gEyTL/mmJ4cnU6Y/rlme3UL3GyOn6Y42hyIEw0/q8sWx5w=="
    },
    "@types/node@22.5.4": {
      "integrity": "sha512-FDuKUJQm/ju9fT/SeX/6+gBzoPzlVCzfzmGkwKvRHQVxi4BntVbyIwf6a4Xn62mrvndLiml6z/UBXIdEVjQLXg==",
      "dependencies": [
        "undici-types"
      ]
    },
    "mime-db@1.52.0": {
      "integrity": "sha512-sPU4uV7dYlvtWJxwwxHD0PuihVNiE7TyAbQ5SWxDCB9mUYvOgroQOwYQQOKPJ8CIbE+1ETVlOoK1UC2nU3gYvg=="
    },
    "mime-types@2.1.35": {
      "integrity": "sha512-ZDY+bPm5zTTF+YpCrAU9nK0UgICYPT0QtT1NZWFv4s++TNkcgVaT0g6+4R2uI4MjQjzysHB1zxuWL50hzaeXiw==",
      "dependencies": [
        "mime-db"
      ]
    },
    "undici-types@6.19.8": {
      "integrity": "sha512-ve2KP6f/JnbPBFyobGHuerC9g1FYGn/F8n1LWTwNxCEzd6IfqTwUQcNXgEtmmQ6DlRrC1hrSrBnCZPokRrDHjw=="
    }
  },
  "workspace": {
    "dependencies": [
      "jsr:@hono/hono@^4.6.19",
      "npm:@types/mime-types@^2.1.4",
      "npm:mime-types@^2.1.35"
    ]
  }
}
